
Microsoft Visual Studio Solution File, Format Version 12.00
# Visual Studio Version 18
VisualStudioVersion = 18.1.11312.151
MinimumVisualStudioVersion = 10.0.40219.1
Project("{FAE04EC0-301F-11D3-BF4B-00C04F79EFBC}") = "FiapCloudGames.Games.Domain", "FiapCloudGames.Games.Domain\FiapCloudGames.Games.Domain.csproj", "{032FC428-0CFA-492B-ABEE-F349EBD030FF}"
EndProject
Project("{FAE04EC0-301F-11D3-BF4B-00C04F79EFBC}") = "FiapCloudGames.Games.Infrastructure", "FiapCloudGames.Games.Infrastructure\FiapCloudGames.Games.Infrastructure.csproj", "{3F0205B0-9ADB-4B3A-916A-10AFB7585758}"
EndProject
Project("{FAE04EC0-301F-11D3-BF4B-00C04F79EFBC}") = "FiapCloudGames.Games.API", "FiapCloudGames.Games.API\FiapCloudGames.Games.API.csproj", "{CB94D154-0A3D-446E-B309-A9F9F346ADD3}"
EndProject
Project("{FAE04EC0-301F-11D3-BF4B-00C04F79EFBC}") = "FiapCloudGames.Games.Application", "FiapCloudGames.Games.Application\FiapCloudGames.Games.Application.csproj", "{9A2260E4-1192-4717-B081-9F9036204A91}"
EndProject
Project("{FAE04EC0-301F-11D3-BF4B-00C04F79EFBC}") = "FiapCloudGames.Games.Tests", "FiapCloudGames.Games.Tests\FiapCloudGames.Games.Tests.csproj", "{DB88135B-17D0-467C-B006-C4D74EDFB5F2}"
EndProject
Project("{2150E333-8FDC-42A3-9474-1A3956D46DE8}") = "k8s", "k8s", "{7F60C6EF-63F3-4F35-BED4-B0B0C96A5256}"
	ProjectSection(SolutionItems) = preProject
		k8s\games-api.yaml = k8s\games-api.yaml
		k8s\games-configmap.yaml = k8s\games-configmap.yaml
		k8s\games-hpa.yaml = k8s\games-hpa.yaml
		k8s\games-secret.yaml = k8s\games-secret.yaml
		k8s\games-service.yaml = k8s\games-service.yaml
		k8s\games-sqlserver.yaml = k8s\games-sqlserver.yaml
		k8s\rodar-k8s.bat = k8s\rodar-k8s.bat
	EndProjectSection
EndProject
Global
	GlobalSection(SolutionConfigurationPlatforms) = preSolution
		Debug|Any CPU = Debug|Any CPU
		Release|Any CPU = Release|Any CPU
	EndGlobalSection
	GlobalSection(ProjectConfigurationPlatforms) = postSolution
		{032FC428-0CFA-492B-ABEE-F349EBD030FF}.Debug|Any CPU.ActiveCfg = Debug|Any CPU
		{032FC428-0CFA-492B-ABEE-F349EBD030FF}.Debug|Any CPU.Build.0 = Debug|Any CPU
		{032FC428-0CFA-492B-ABEE-F349EBD030FF}.Release|Any CPU.ActiveCfg = Release|Any CPU
		{032FC428-0CFA-492B-ABEE-F349EBD030FF}.Release|Any CPU.Build.0 = Release|Any CPU
		{3F0205B0-9ADB-4B3A-916A-10AFB7585758}.Debug|Any CPU.ActiveCfg = Debug|Any CPU
		{3F0205B0-9ADB-4B3A-916A-10AFB7585758}.Debug|Any CPU.Build.0 = Debug|Any CPU
		{3F0205B0-9ADB-4B3A-916A-10AFB7585758}.Release|Any CPU.ActiveCfg = Release|Any CPU
		{3F0205B0-9ADB-4B3A-916A-10AFB7585758}.Release|Any CPU.Build.0 = Release|Any CPU
		{CB94D154-0A3D-446E-B309-A9F9F346ADD3}.Debug|Any CPU.ActiveCfg = Debug|Any CPU
		{CB94D154-0A3D-446E-B309-A9F9F346ADD3}.Debug|Any CPU.Build.0 = Debug|Any CPU
		{CB94D154-0A3D-446E-B309-A9F9F346ADD3}.Release|Any CPU.ActiveCfg = Release|Any CPU
		{CB94D154-0A3D-446E-B309-A9F9F346ADD3}.Release|Any CPU.Build.0 = Release|Any CPU
		{9A2260E4-1192-4717-B081-9F9036204A91}.Debug|Any CPU.ActiveCfg = Debug|Any CPU
		{9A2260E4-1192-4717-B081-9F9036204A91}.Debug|Any CPU.Build.0 = Debug|Any CPU
		{9A2260E4-1192-4717-B081-9F9036204A91}.Release|Any CPU.ActiveCfg = Release|Any CPU
		{9A2260E4-1192-4717-B081-9F9036204A91}.Release|Any CPU.Build.0 = Release|Any CPU
		{DB88135B-17D0-467C-B006-C4D74EDFB5F2}.Debug|Any CPU.ActiveCfg = Debug|Any CPU
		{DB88135B-17D0-467C-B006-C4D74EDFB5F2}.Debug|Any CPU.Build.0 = Debug|Any CPU
		{DB88135B-17D0-467C-B006-C4D74EDFB5F2}.Release|Any CPU.ActiveCfg = Release|Any CPU
		{DB88135B-17D0-467C-B006-C4D74EDFB5F2}.Release|Any CPU.Build.0 = Release|Any CPU
	EndGlobalSection
	GlobalSection(SolutionProperties) = preSolution
		HideSolutionNode = FALSE
	EndGlobalSection
	GlobalSection(ExtensibilityGlobals) = postSolution
		SolutionGuid = {36D65485-49CE-423F-83CA-4E01A0E808A4}
	EndGlobalSection
EndGlobal
